// !$*UTF8*$!
{
	archiveVersion = 1;
	classes = {
	};
	objectVersion = 50;
	objects = {

/* Begin PBXBuildFile section */
		39D44A58F2A3CC87FC497A55 /* Pods_MoneyNote.framework in Frameworks */ = {isa = PBXBuildFile; fileRef = 345F493A9FCA7ED16CCCFFD3 /* Pods_MoneyNote.framework */; };
		8114C06A20D74D7100475F90 /* CalenderViewController.swift in Sources */ = {isa = PBXBuildFile; fileRef = 8114C06920D74D7100475F90 /* CalenderViewController.swift */; };
		8114C06C20D776EC00475F90 /* FristCreateNote.swift in Sources */ = {isa = PBXBuildFile; fileRef = 8114C06B20D776EC00475F90 /* FristCreateNote.swift */; };
		8114C06E20D77F8700475F90 /* SecondCreateNote.swift in Sources */ = {isa = PBXBuildFile; fileRef = 8114C06D20D77F8700475F90 /* SecondCreateNote.swift */; };
		81197CCC20D3926000868986 /* PopupView.xib in Resources */ = {isa = PBXBuildFile; fileRef = 81197CCB20D3926000868986 /* PopupView.xib */; };
		81197CCE20D392CB00868986 /* SpendOrSave.swift in Sources */ = {isa = PBXBuildFile; fileRef = 81197CCD20D392CB00868986 /* SpendOrSave.swift */; };
		81197CF420D6B2FE00868986 /* showDetail.swift in Sources */ = {isa = PBXBuildFile; fileRef = 81197CF320D6B2FE00868986 /* showDetail.swift */; };
		81421B5C20D3406E0038A0EB /* AppDelegate.swift in Sources */ = {isa = PBXBuildFile; fileRef = 81421B5B20D3406E0038A0EB /* AppDelegate.swift */; };
		81421B5E20D3406E0038A0EB /* ViewController.swift in Sources */ = {isa = PBXBuildFile; fileRef = 81421B5D20D3406E0038A0EB /* ViewController.swift */; };
		81421B6120D3406E0038A0EB /* Main.storyboard in Resources */ = {isa = PBXBuildFile; fileRef = 81421B5F20D3406E0038A0EB /* Main.storyboard */; };
		81421B6320D340720038A0EB /* Assets.xcassets in Resources */ = {isa = PBXBuildFile; fileRef = 81421B6220D340720038A0EB /* Assets.xcassets */; };
		81421B6620D340720038A0EB /* LaunchScreen.storyboard in Resources */ = {isa = PBXBuildFile; fileRef = 81421B6420D340720038A0EB /* LaunchScreen.storyboard */; };
		8145CF4920DA0DD000CA51AA /* FMDatabaseAdditions.m in Sources */ = {isa = PBXBuildFile; fileRef = 8145CF3E20DA0DCF00CA51AA /* FMDatabaseAdditions.m */; };
		8145CF4A20DA0DD000CA51AA /* FMDatabase.m in Sources */ = {isa = PBXBuildFile; fileRef = 8145CF3F20DA0DCF00CA51AA /* FMDatabase.m */; };
		8145CF4B20DA0DD000CA51AA /* FMResultSet.m in Sources */ = {isa = PBXBuildFile; fileRef = 8145CF4120DA0DCF00CA51AA /* FMResultSet.m */; };
		8145CF4C20DA0DD000CA51AA /* FMDatabasePool.m in Sources */ = {isa = PBXBuildFile; fileRef = 8145CF4320DA0DCF00CA51AA /* FMDatabasePool.m */; };
		8145CF4D20DA0DD000CA51AA /* FMDatabaseQueue.m in Sources */ = {isa = PBXBuildFile; fileRef = 8145CF4520DA0DD000CA51AA /* FMDatabaseQueue.m */; };
		8145CF4F20DA0DFF00CA51AA /* libsqlite3.tbd in Frameworks */ = {isa = PBXBuildFile; fileRef = 8145CF4E20DA0DFF00CA51AA /* libsqlite3.tbd */; };
		8145CF5320DA0F7500CA51AA /* MoneyNoteDAO.swift in Sources */ = {isa = PBXBuildFile; fileRef = 8145CF5220DA0F7500CA51AA /* MoneyNoteDAO.swift */; };
		8145CF6920DA232C00CA51AA /* rice.png in Resources */ = {isa = PBXBuildFile; fileRef = 8145CF5520DA232A00CA51AA /* rice.png */; };
		8145CF6A20DA232C00CA51AA /* beer.png in Resources */ = {isa = PBXBuildFile; fileRef = 8145CF5620DA232A00CA51AA /* beer.png */; };
		8145CF6B20DA232C00CA51AA /* create.png in Resources */ = {isa = PBXBuildFile; fileRef = 8145CF5720DA232A00CA51AA /* create.png */; };
		8145CF6C20DA232C00CA51AA /* cancel.png in Resources */ = {isa = PBXBuildFile; fileRef = 8145CF5820DA232A00CA51AA /* cancel.png */; };
		8145CF6D20DA232C00CA51AA /* cash.png in Resources */ = {isa = PBXBuildFile; fileRef = 8145CF5920DA232A00CA51AA /* cash.png */; };
		8145CF6E20DA232C00CA51AA /* confirm.png in Resources */ = {isa = PBXBuildFile; fileRef = 8145CF5A20DA232A00CA51AA /* confirm.png */; };
		8145CF6F20DA232C00CA51AA /* savePig.png in Resources */ = {isa = PBXBuildFile; fileRef = 8145CF5B20DA232A00CA51AA /* savePig.png */; };
		8145CF7020DA232C00CA51AA /* spendPig.png in Resources */ = {isa = PBXBuildFile; fileRef = 8145CF5C20DA232B00CA51AA /* spendPig.png */; };
		8145CF7120DA232C00CA51AA /* heal.png in Resources */ = {isa = PBXBuildFile; fileRef = 8145CF5D20DA232B00CA51AA /* heal.png */; };
		8145CF7220DA232C00CA51AA /* movie.png in Resources */ = {isa = PBXBuildFile; fileRef = 8145CF5E20DA232B00CA51AA /* movie.png */; };
		8145CF7320DA232C00CA51AA /* bank.png in Resources */ = {isa = PBXBuildFile; fileRef = 8145CF5F20DA232B00CA51AA /* bank.png */; };
		8145CF7420DA232C00CA51AA /* card.png in Resources */ = {isa = PBXBuildFile; fileRef = 8145CF6020DA232B00CA51AA /* card.png */; };
		8145CF7520DA232C00CA51AA /* lunchbox.png in Resources */ = {isa = PBXBuildFile; fileRef = 8145CF6120DA232B00CA51AA /* lunchbox.png */; };
		8145CF7620DA232C00CA51AA /* bus.png in Resources */ = {isa = PBXBuildFile; fileRef = 8145CF6220DA232B00CA51AA /* bus.png */; };
		8145CF7720DA232C00CA51AA /* cloth.png in Resources */ = {isa = PBXBuildFile; fileRef = 8145CF6320DA232B00CA51AA /* cloth.png */; };
		8145CF7820DA232C00CA51AA /* coffee.png in Resources */ = {isa = PBXBuildFile; fileRef = 8145CF6420DA232C00CA51AA /* coffee.png */; };
		8145CF7920DA232C00CA51AA /* juice.png in Resources */ = {isa = PBXBuildFile; fileRef = 8145CF6520DA232C00CA51AA /* juice.png */; };
		8145CF7A20DA232C00CA51AA /* phone.png in Resources */ = {isa = PBXBuildFile; fileRef = 8145CF6620DA232C00CA51AA /* phone.png */; };
		8145CF7B20DA232C00CA51AA /* present.png in Resources */ = {isa = PBXBuildFile; fileRef = 8145CF6720DA232C00CA51AA /* present.png */; };
		8145CF7C20DA232C00CA51AA /* ramen.png in Resources */ = {isa = PBXBuildFile; fileRef = 8145CF6820DA232C00CA51AA /* ramen.png */; };
		8145CF8620DA447F00CA51AA /* moneyNote.sqlite in Resources */ = {isa = PBXBuildFile; fileRef = 8145CF8520DA447F00CA51AA /* moneyNote.sqlite */; };
		8145CF8820DA937700CA51AA /* NoteCell.swift in Sources */ = {isa = PBXBuildFile; fileRef = 8145CF8720DA937700CA51AA /* NoteCell.swift */; };
		8145CF8A20DB427400CA51AA /* MemoData.swift in Sources */ = {isa = PBXBuildFile; fileRef = 8145CF8920DB427400CA51AA /* MemoData.swift */; };
/* End PBXBuildFile section */

/* Begin PBXFileReference section */
		345F493A9FCA7ED16CCCFFD3 /* Pods_MoneyNote.framework */ = {isa = PBXFileReference; explicitFileType = wrapper.framework; includeInIndex = 0; path = Pods_MoneyNote.framework; sourceTree = BUILT_PRODUCTS_DIR; };
		4E328B8973D10E8E18783C21 /* Pods-MoneyNote.release.xcconfig */ = {isa = PBXFileReference; includeInIndex = 1; lastKnownFileType = text.xcconfig; name = "Pods-MoneyNote.release.xcconfig"; path = "Pods/Target Support Files/Pods-MoneyNote/Pods-MoneyNote.release.xcconfig"; sourceTree = "<group>"; };
		8114C06920D74D7100475F90 /* CalenderViewController.swift */ = {isa = PBXFileReference; lastKnownFileType = sourcecode.swift; path = CalenderViewController.swift; sourceTree = "<group>"; };
		8114C06B20D776EC00475F90 /* FristCreateNote.swift */ = {isa = PBXFileReference; lastKnownFileType = sourcecode.swift; path = FristCreateNote.swift; sourceTree = "<group>"; };
		8114C06D20D77F8700475F90 /* SecondCreateNote.swift */ = {isa = PBXFileReference; lastKnownFileType = sourcecode.swift; path = SecondCreateNote.swift; sourceTree = "<group>"; };
		81197CCB20D3926000868986 /* PopupView.xib */ = {isa = PBXFileReference; lastKnownFileType = file.xib; path = PopupView.xib; sourceTree = "<group>"; };
		81197CCD20D392CB00868986 /* SpendOrSave.swift */ = {isa = PBXFileReference; lastKnownFileType = sourcecode.swift; path = SpendOrSave.swift; sourceTree = "<group>"; };
		81197CF320D6B2FE00868986 /* showDetail.swift */ = {isa = PBXFileReference; lastKnownFileType = sourcecode.swift; path = showDetail.swift; sourceTree = "<group>"; };
		81421B5820D3406E0038A0EB /* MoneyNote.app */ = {isa = PBXFileReference; explicitFileType = wrapper.application; includeInIndex = 0; path = MoneyNote.app; sourceTree = BUILT_PRODUCTS_DIR; };
		81421B5B20D3406E0038A0EB /* AppDelegate.swift */ = {isa = PBXFileReference; lastKnownFileType = sourcecode.swift; path = AppDelegate.swift; sourceTree = "<group>"; };
		81421B5D20D3406E0038A0EB /* ViewController.swift */ = {isa = PBXFileReference; lastKnownFileType = sourcecode.swift; path = ViewController.swift; sourceTree = "<group>"; };
		81421B6020D3406E0038A0EB /* Base */ = {isa = PBXFileReference; lastKnownFileType = file.storyboard; name = Base; path = Base.lproj/Main.storyboard; sourceTree = "<group>"; };
		81421B6220D340720038A0EB /* Assets.xcassets */ = {isa = PBXFileReference; lastKnownFileType = folder.assetcatalog; path = Assets.xcassets; sourceTree = "<group>"; };
		81421B6520D340720038A0EB /* Base */ = {isa = PBXFileReference; lastKnownFileType = file.storyboard; name = Base; path = Base.lproj/LaunchScreen.storyboard; sourceTree = "<group>"; };
		81421B6720D340720038A0EB /* Info.plist */ = {isa = PBXFileReference; lastKnownFileType = text.plist.xml; path = Info.plist; sourceTree = "<group>"; };
		8145CF3D20DA0DCE00CA51AA /* MoneyNote-Bridging-Header.h */ = {isa = PBXFileReference; lastKnownFileType = sourcecode.c.h; path = "MoneyNote-Bridging-Header.h"; sourceTree = "<group>"; };
		8145CF3E20DA0DCF00CA51AA /* FMDatabaseAdditions.m */ = {isa = PBXFileReference; fileEncoding = 4; lastKnownFileType = sourcecode.c.objc; path = FMDatabaseAdditions.m; sourceTree = "<group>"; };
		8145CF3F20DA0DCF00CA51AA /* FMDatabase.m */ = {isa = PBXFileReference; fileEncoding = 4; lastKnownFileType = sourcecode.c.objc; path = FMDatabase.m; sourceTree = "<group>"; };
		8145CF4020DA0DCF00CA51AA /* FMDB.h */ = {isa = PBXFileReference; fileEncoding = 4; lastKnownFileType = sourcecode.c.h; path = FMDB.h; sourceTree = "<group>"; };
		8145CF4120DA0DCF00CA51AA /* FMResultSet.m */ = {isa = PBXFileReference; fileEncoding = 4; lastKnownFileType = sourcecode.c.objc; path = FMResultSet.m; sourceTree = "<group>"; };
		8145CF4220DA0DCF00CA51AA /* FMDatabaseAdditions.h */ = {isa = PBXFileReference; fileEncoding = 4; lastKnownFileType = sourcecode.c.h; path = FMDatabaseAdditions.h; sourceTree = "<group>"; };
		8145CF4320DA0DCF00CA51AA /* FMDatabasePool.m */ = {isa = PBXFileReference; fileEncoding = 4; lastKnownFileType = sourcecode.c.objc; path = FMDatabasePool.m; sourceTree = "<group>"; };
		8145CF4420DA0DD000CA51AA /* FMDatabaseQueue.h */ = {isa = PBXFileReference; fileEncoding = 4; lastKnownFileType = sourcecode.c.h; path = FMDatabaseQueue.h; sourceTree = "<group>"; };
		8145CF4520DA0DD000CA51AA /* FMDatabaseQueue.m */ = {isa = PBXFileReference; fileEncoding = 4; lastKnownFileType = sourcecode.c.objc; path = FMDatabaseQueue.m; sourceTree = "<group>"; };
		8145CF4620DA0DD000CA51AA /* FMResultSet.h */ = {isa = PBXFileReference; fileEncoding = 4; lastKnownFileType = sourcecode.c.h; path = FMResultSet.h; sourceTree = "<group>"; };
		8145CF4720DA0DD000CA51AA /* FMDatabase.h */ = {isa = PBXFileReference; fileEncoding = 4; lastKnownFileType = sourcecode.c.h; path = FMDatabase.h; sourceTree = "<group>"; };
		8145CF4820DA0DD000CA51AA /* FMDatabasePool.h */ = {isa = PBXFileReference; fileEncoding = 4; lastKnownFileType = sourcecode.c.h; path = FMDatabasePool.h; sourceTree = "<group>"; };
		8145CF4E20DA0DFF00CA51AA /* libsqlite3.tbd */ = {isa = PBXFileReference; lastKnownFileType = "sourcecode.text-based-dylib-definition"; name = libsqlite3.tbd; path = usr/lib/libsqlite3.tbd; sourceTree = SDKROOT; };
		8145CF5220DA0F7500CA51AA /* MoneyNoteDAO.swift */ = {isa = PBXFileReference; lastKnownFileType = sourcecode.swift; path = MoneyNoteDAO.swift; sourceTree = "<group>"; };
		8145CF5520DA232A00CA51AA /* rice.png */ = {isa = PBXFileReference; lastKnownFileType = image.png; path = rice.png; sourceTree = "<group>"; };
		8145CF5620DA232A00CA51AA /* beer.png */ = {isa = PBXFileReference; lastKnownFileType = image.png; path = beer.png; sourceTree = "<group>"; };
		8145CF5720DA232A00CA51AA /* create.png */ = {isa = PBXFileReference; lastKnownFileType = image.png; path = create.png; sourceTree = "<group>"; };
		8145CF5820DA232A00CA51AA /* cancel.png */ = {isa = PBXFileReference; lastKnownFileType = image.png; path = cancel.png; sourceTree = "<group>"; };
		8145CF5920DA232A00CA51AA /* cash.png */ = {isa = PBXFileReference; lastKnownFileType = image.png; path = cash.png; sourceTree = "<group>"; };
		8145CF5A20DA232A00CA51AA /* confirm.png */ = {isa = PBXFileReference; lastKnownFileType = image.png; path = confirm.png; sourceTree = "<group>"; };
		8145CF5B20DA232A00CA51AA /* savePig.png */ = {isa = PBXFileReference; lastKnownFileType = image.png; path = savePig.png; sourceTree = "<group>"; };
		8145CF5C20DA232B00CA51AA /* spendPig.png */ = {isa = PBXFileReference; lastKnownFileType = image.png; path = spendPig.png; sourceTree = "<group>"; };
		8145CF5D20DA232B00CA51AA /* heal.png */ = {isa = PBXFileReference; lastKnownFileType = image.png; path = heal.png; sourceTree = "<group>"; };
		8145CF5E20DA232B00CA51AA /* movie.png */ = {isa = PBXFileReference; lastKnownFileType = image.png; path = movie.png; sourceTree = "<group>"; };
		8145CF5F20DA232B00CA51AA /* bank.png */ = {isa = PBXFileReference; lastKnownFileType = image.png; path = bank.png; sourceTree = "<group>"; };
		8145CF6020DA232B00CA51AA /* card.png */ = {isa = PBXFileReference; lastKnownFileType = image.png; path = card.png; sourceTree = "<group>"; };
		8145CF6120DA232B00CA51AA /* lunchbox.png */ = {isa = PBXFileReference; lastKnownFileType = image.png; path = lunchbox.png; sourceTree = "<group>"; };
		8145CF6220DA232B00CA51AA /* bus.png */ = {isa = PBXFileReference; lastKnownFileType = image.png; path = bus.png; sourceTree = "<group>"; };
		8145CF6320DA232B00CA51AA /* cloth.png */ = {isa = PBXFileReference; lastKnownFileType = image.png; path = cloth.png; sourceTree = "<group>"; };
		8145CF6420DA232C00CA51AA /* coffee.png */ = {isa = PBXFileReference; lastKnownFileType = image.png; path = coffee.png; sourceTree = "<group>"; };
		8145CF6520DA232C00CA51AA /* juice.png */ = {isa = PBXFileReference; lastKnownFileType = image.png; path = juice.png; sourceTree = "<group>"; };
		8145CF6620DA232C00CA51AA /* phone.png */ = {isa = PBXFileReference; lastKnownFileType = image.png; path = phone.png; sourceTree = "<group>"; };
		8145CF6720DA232C00CA51AA /* present.png */ = {isa = PBXFileReference; lastKnownFileType = image.png; path = present.png; sourceTree = "<group>"; };
		8145CF6820DA232C00CA51AA /* ramen.png */ = {isa = PBXFileReference; lastKnownFileType = image.png; path = ramen.png; sourceTree = "<group>"; };
		8145CF8520DA447F00CA51AA /* moneyNote.sqlite */ = {isa = PBXFileReference; lastKnownFileType = file; path = moneyNote.sqlite; sourceTree = "<group>"; };
		8145CF8720DA937700CA51AA /* NoteCell.swift */ = {isa = PBXFileReference; lastKnownFileType = sourcecode.swift; path = NoteCell.swift; sourceTree = "<group>"; };
		8145CF8920DB427400CA51AA /* MemoData.swift */ = {isa = PBXFileReference; lastKnownFileType = sourcecode.swift; path = MemoData.swift; sourceTree = "<group>"; };
		8B8062B9765EBD1F3CC29F89 /* Pods-MoneyNote.debug.xcconfig */ = {isa = PBXFileReference; includeInIndex = 1; lastKnownFileType = text.xcconfig; name = "Pods-MoneyNote.debug.xcconfig"; path = "Pods/Target Support Files/Pods-MoneyNote/Pods-MoneyNote.debug.xcconfig"; sourceTree = "<group>"; };
/* End PBXFileReference section */

/* Begin PBXFrameworksBuildPhase section */
		81421B5520D3406E0038A0EB /* Frameworks */ = {
			isa = PBXFrameworksBuildPhase;
			buildActionMask = 2147483647;
			files = (
				8145CF4F20DA0DFF00CA51AA /* libsqlite3.tbd in Frameworks */,
				39D44A58F2A3CC87FC497A55 /* Pods_MoneyNote.framework in Frameworks */,
			);
			runOnlyForDeploymentPostprocessing = 0;
		};
/* End PBXFrameworksBuildPhase section */

/* Begin PBXGroup section */
		3E0D8A3D00AACE28DBDFA5DB /* Pods */ = {
			isa = PBXGroup;
			children = (
				8B8062B9765EBD1F3CC29F89 /* Pods-MoneyNote.debug.xcconfig */,
				4E328B8973D10E8E18783C21 /* Pods-MoneyNote.release.xcconfig */,
			);
			name = Pods;
			sourceTree = "<group>";
		};
		81421B4F20D3406E0038A0EB = {
			isa = PBXGroup;
			children = (
				8145CF5420DA230D00CA51AA /* image */,
				8145CF3C20DA0DC000CA51AA /* fmdb */,
				81421B5A20D3406E0038A0EB /* MoneyNote */,
				81421B5920D3406E0038A0EB /* Products */,
				3E0D8A3D00AACE28DBDFA5DB /* Pods */,
				B2FBD0E0805E13FF0593785D /* Frameworks */,
			);
			sourceTree = "<group>";
		};
		81421B5920D3406E0038A0EB /* Products */ = {
			isa = PBXGroup;
			children = (
				81421B5820D3406E0038A0EB /* MoneyNote.app */,
			);
			name = Products;
			sourceTree = "<group>";
		};
		81421B5A20D3406E0038A0EB /* MoneyNote */ = {
			isa = PBXGroup;
			children = (
				81421B5B20D3406E0038A0EB /* AppDelegate.swift */,
				81421B5D20D3406E0038A0EB /* ViewController.swift */,
				81421B5F20D3406E0038A0EB /* Main.storyboard */,
				81421B6220D340720038A0EB /* Assets.xcassets */,
				81421B6420D340720038A0EB /* LaunchScreen.storyboard */,
				81421B6720D340720038A0EB /* Info.plist */,
				81197CCB20D3926000868986 /* PopupView.xib */,
				81197CCD20D392CB00868986 /* SpendOrSave.swift */,
				81197CF320D6B2FE00868986 /* showDetail.swift */,
				8114C06920D74D7100475F90 /* CalenderViewController.swift */,
				8114C06B20D776EC00475F90 /* FristCreateNote.swift */,
				8114C06D20D77F8700475F90 /* SecondCreateNote.swift */,
				8145CF5220DA0F7500CA51AA /* MoneyNoteDAO.swift */,
				8145CF8720DA937700CA51AA /* NoteCell.swift */,
				8145CF8920DB427400CA51AA /* MemoData.swift */,
			);
			path = MoneyNote;
			sourceTree = "<group>";
		};
		8145CF3C20DA0DC000CA51AA /* fmdb */ = {
			isa = PBXGroup;
			children = (
				8145CF8520DA447F00CA51AA /* moneyNote.sqlite */,
				8145CF4720DA0DD000CA51AA /* FMDatabase.h */,
				8145CF3F20DA0DCF00CA51AA /* FMDatabase.m */,
				8145CF4220DA0DCF00CA51AA /* FMDatabaseAdditions.h */,
				8145CF3E20DA0DCF00CA51AA /* FMDatabaseAdditions.m */,
				8145CF4820DA0DD000CA51AA /* FMDatabasePool.h */,
				8145CF4320DA0DCF00CA51AA /* FMDatabasePool.m */,
				8145CF4420DA0DD000CA51AA /* FMDatabaseQueue.h */,
				8145CF4520DA0DD000CA51AA /* FMDatabaseQueue.m */,
				8145CF4020DA0DCF00CA51AA /* FMDB.h */,
				8145CF4620DA0DD000CA51AA /* FMResultSet.h */,
				8145CF4120DA0DCF00CA51AA /* FMResultSet.m */,
				8145CF3D20DA0DCE00CA51AA /* MoneyNote-Bridging-Header.h */,
			);
			path = fmdb;
			sourceTree = "<group>";
		};
		8145CF5420DA230D00CA51AA /* image */ = {
			isa = PBXGroup;
			children = (
				8145CF5F20DA232B00CA51AA /* bank.png */,
				8145CF5620DA232A00CA51AA /* beer.png */,
				8145CF6220DA232B00CA51AA /* bus.png */,
				8145CF5820DA232A00CA51AA /* cancel.png */,
				8145CF6020DA232B00CA51AA /* card.png */,
				8145CF5920DA232A00CA51AA /* cash.png */,
				8145CF6320DA232B00CA51AA /* cloth.png */,
				8145CF6420DA232C00CA51AA /* coffee.png */,
				8145CF5A20DA232A00CA51AA /* confirm.png */,
				8145CF5720DA232A00CA51AA /* create.png */,
				8145CF5D20DA232B00CA51AA /* heal.png */,
				8145CF6520DA232C00CA51AA /* juice.png */,
				8145CF6120DA232B00CA51AA /* lunchbox.png */,
				8145CF5E20DA232B00CA51AA /* movie.png */,
				8145CF6620DA232C00CA51AA /* phone.png */,
				8145CF6720DA232C00CA51AA /* present.png */,
				8145CF6820DA232C00CA51AA /* ramen.png */,
				8145CF5520DA232A00CA51AA /* rice.png */,
				8145CF5B20DA232A00CA51AA /* savePig.png */,
				8145CF5C20DA232B00CA51AA /* spendPig.png */,
			);
			path = image;
			sourceTree = "<group>";
		};
		B2FBD0E0805E13FF0593785D /* Frameworks */ = {
			isa = PBXGroup;
			children = (
				8145CF4E20DA0DFF00CA51AA /* libsqlite3.tbd */,
				345F493A9FCA7ED16CCCFFD3 /* Pods_MoneyNote.framework */,
			);
			name = Frameworks;
			sourceTree = "<group>";
		};
/* End PBXGroup section */

/* Begin PBXNativeTarget section */
		81421B5720D3406E0038A0EB /* MoneyNote */ = {
			isa = PBXNativeTarget;
			buildConfigurationList = 81421B6A20D340720038A0EB /* Build configuration list for PBXNativeTarget "MoneyNote" */;
			buildPhases = (
				2AE64AE247202A0C317930E8 /* [CP] Check Pods Manifest.lock */,
				81421B5420D3406E0038A0EB /* Sources */,
				81421B5520D3406E0038A0EB /* Frameworks */,
				81421B5620D3406E0038A0EB /* Resources */,
				88DA253A271E5317695A891D /* [CP] Embed Pods Frameworks */,
				D3171F84988C32342B49FDCF /* [CP] Copy Pods Resources */,
			);
			buildRules = (
			);
			dependencies = (
			);
			name = MoneyNote;
			productName = MoneyNote;
			productReference = 81421B5820D3406E0038A0EB /* MoneyNote.app */;
			productType = "com.apple.product-type.application";
		};
/* End PBXNativeTarget section */

/* Begin PBXProject section */
		81421B5020D3406E0038A0EB /* Project object */ = {
			isa = PBXProject;
			attributes = {
				LastSwiftUpdateCheck = 0940;
				LastUpgradeCheck = 0940;
				ORGANIZATIONNAME = "gyeong hawn Park";
				TargetAttributes = {
					81421B5720D3406E0038A0EB = {
						CreatedOnToolsVersion = 9.4;
						LastSwiftMigration = 0940;
					};
				};
			};
			buildConfigurationList = 81421B5320D3406E0038A0EB /* Build configuration list for PBXProject "MoneyNote" */;
			compatibilityVersion = "Xcode 9.3";
			developmentRegion = en;
			hasScannedForEncodings = 0;
			knownRegions = (
				en,
				Base,
			);
			mainGroup = 81421B4F20D3406E0038A0EB;
			productRefGroup = 81421B5920D3406E0038A0EB /* Products */;
			projectDirPath = "";
			projectRoot = "";
			targets = (
				81421B5720D3406E0038A0EB /* MoneyNote */,
			);
		};
/* End PBXProject section */

/* Begin PBXResourcesBuildPhase section */
		81421B5620D3406E0038A0EB /* Resources */ = {
			isa = PBXResourcesBuildPhase;
			buildActionMask = 2147483647;
			files = (
				8145CF7A20DA232C00CA51AA /* phone.png in Resources */,
				81421B6620D340720038A0EB /* LaunchScreen.storyboard in Resources */,
				8145CF7120DA232C00CA51AA /* heal.png in Resources */,
				8145CF7720DA232C00CA51AA /* cloth.png in Resources */,
				8145CF6F20DA232C00CA51AA /* savePig.png in Resources */,
				8145CF6B20DA232C00CA51AA /* create.png in Resources */,
				81197CCC20D3926000868986 /* PopupView.xib in Resources */,
				8145CF6920DA232C00CA51AA /* rice.png in Resources */,
				8145CF7820DA232C00CA51AA /* coffee.png in Resources */,
				8145CF7520DA232C00CA51AA /* lunchbox.png in Resources */,
				8145CF7020DA232C00CA51AA /* spendPig.png in Resources */,
				8145CF7320DA232C00CA51AA /* bank.png in Resources */,
				8145CF6E20DA232C00CA51AA /* confirm.png in Resources */,
				8145CF7620DA232C00CA51AA /* bus.png in Resources */,
				8145CF6A20DA232C00CA51AA /* beer.png in Resources */,
				8145CF7B20DA232C00CA51AA /* present.png in Resources */,
				81421B6320D340720038A0EB /* Assets.xcassets in Resources */,
				8145CF6D20DA232C00CA51AA /* cash.png in Resources */,
				8145CF7C20DA232C00CA51AA /* ramen.png in Resources */,
				8145CF7920DA232C00CA51AA /* juice.png in Resources */,
				8145CF7220DA232C00CA51AA /* movie.png in Resources */,
				8145CF6C20DA232C00CA51AA /* cancel.png in Resources */,
				8145CF7420DA232C00CA51AA /* card.png in Resources */,
				81421B6120D3406E0038A0EB /* Main.storyboard in Resources */,
				8145CF8620DA447F00CA51AA /* moneyNote.sqlite in Resources */,
			);
			runOnlyForDeploymentPostprocessing = 0;
		};
/* End PBXResourcesBuildPhase section */

/* Begin PBXShellScriptBuildPhase section */
		2AE64AE247202A0C317930E8 /* [CP] Check Pods Manifest.lock */ = {
			isa = PBXShellScriptBuildPhase;
			buildActionMask = 2147483647;
			files = (
			);
			inputPaths = (
				"${PODS_PODFILE_DIR_PATH}/Podfile.lock",
				"${PODS_ROOT}/Manifest.lock",
			);
			name = "[CP] Check Pods Manifest.lock";
			outputPaths = (
				"$(DERIVED_FILE_DIR)/Pods-MoneyNote-checkManifestLockResult.txt",
			);
			runOnlyForDeploymentPostprocessing = 0;
			shellPath = /bin/sh;
			shellScript = "diff \"${PODS_PODFILE_DIR_PATH}/Podfile.lock\" \"${PODS_ROOT}/Manifest.lock\" > /dev/null\nif [ $? != 0 ] ; then\n    # print error to STDERR\n    echo \"error: The sandbox is not in sync with the Podfile.lock. Run 'pod install' or update your CocoaPods installation.\" >&2\n    exit 1\nfi\n# This output is used by Xcode 'outputs' to avoid re-running this script phase.\necho \"SUCCESS\" > \"${SCRIPT_OUTPUT_FILE_0}\"\n";
			showEnvVarsInLog = 0;
		};
		88DA253A271E5317695A891D /* [CP] Embed Pods Frameworks */ = {
			isa = PBXShellScriptBuildPhase;
			buildActionMask = 2147483647;
			files = (
			);
			inputPaths = (
				"${SRCROOT}/Pods/Target Support Files/Pods-MoneyNote/Pods-MoneyNote-frameworks.sh",
				"${BUILT_PRODUCTS_DIR}/FSCalendar/FSCalendar.framework",
				"${BUILT_PRODUCTS_DIR}/PieCharts/PieCharts.framework",
			);
			name = "[CP] Embed Pods Frameworks";
			outputPaths = (
				"${TARGET_BUILD_DIR}/${FRAMEWORKS_FOLDER_PATH}/FSCalendar.framework",
				"${TARGET_BUILD_DIR}/${FRAMEWORKS_FOLDER_PATH}/PieCharts.framework",
			);
			runOnlyForDeploymentPostprocessing = 0;
			shellPath = /bin/sh;
			shellScript = "\"${SRCROOT}/Pods/Target Support Files/Pods-MoneyNote/Pods-MoneyNote-frameworks.sh\"\n";
			showEnvVarsInLog = 0;
		};
		D3171F84988C32342B49FDCF /* [CP] Copy Pods Resources */ = {
			isa = PBXShellScriptBuildPhase;
			buildActionMask = 2147483647;
			files = (
			);
			inputPaths = (
			);
			name = "[CP] Copy Pods Resources";
			outputPaths = (
			);
			runOnlyForDeploymentPostprocessing = 0;
			shellPath = /bin/sh;
			shellScript = "\"${SRCROOT}/Pods/Target Support Files/Pods-MoneyNote/Pods-MoneyNote-resources.sh\"\n";
			showEnvVarsInLog = 0;
		};
/* End PBXShellScriptBuildPhase section */

/* Begin PBXSourcesBuildPhase section */
		81421B5420D3406E0038A0EB /* Sources */ = {
			isa = PBXSourcesBuildPhase;
			buildActionMask = 2147483647;
			files = (
				8114C06A20D74D7100475F90 /* CalenderViewController.swift in Sources */,
				8145CF8A20DB427400CA51AA /* MemoData.swift in Sources */,
				8145CF4C20DA0DD000CA51AA /* FMDatabasePool.m in Sources */,
				81197CF420D6B2FE00868986 /* showDetail.swift in Sources */,
				8114C06C20D776EC00475F90 /* FristCreateNote.swift in Sources */,
				8145CF4D20DA0DD000CA51AA /* FMDatabaseQueue.m in Sources */,
				8145CF4A20DA0DD000CA51AA /* FMDatabase.m in Sources */,
				81197CCE20D392CB00868986 /* SpendOrSave.swift in Sources */,
				8145CF5320DA0F7500CA51AA /* MoneyNoteDAO.swift in Sources */,
				81421B5E20D3406E0038A0EB /* ViewController.swift in Sources */,
				8145CF4920DA0DD000CA51AA /* FMDatabaseAdditions.m in Sources */,
				8145CF4B20DA0DD000CA51AA /* FMResultSet.m in Sources */,
				8145CF8820DA937700CA51AA /* NoteCell.swift in Sources */,
				81421B5C20D3406E0038A0EB /* AppDelegate.swift in Sources */,
				8114C06E20D77F8700475F90 /* SecondCreateNote.swift in Sources */,
			);
			runOnlyForDeploymentPostprocessing = 0;
		};
/* End PBXSourcesBuildPhase section */

/* Begin PBXVariantGroup section */
		81421B5F20D3406E0038A0EB /* Main.storyboard */ = {
			isa = PBXVariantGroup;
			children = (
				81421B6020D3406E0038A0EB /* Base */,
			);
			name = Main.storyboard;
			sourceTree = "<group>";
		};
		81421B6420D340720038A0EB /* LaunchScreen.storyboard */ = {
			isa = PBXVariantGroup;
			children = (
				81421B6520D340720038A0EB /* Base */,
			);
			name = LaunchScreen.storyboard;
			sourceTree = "<group>";
		};
/* End PBXVariantGroup section */

/* Begin XCBuildConfiguration section */
		81421B6820D340720038A0EB /* Debug */ = {
			isa = XCBuildConfiguration;
			buildSettings = {
				ALWAYS_SEARCH_USER_PATHS = NO;
				CLANG_ANALYZER_NONNULL = YES;
				CLANG_ANALYZER_NUMBER_OBJECT_CONVERSION = YES_AGGRESSIVE;
				CLANG_CXX_LANGUAGE_STANDARD = "gnu++14";
				CLANG_CXX_LIBRARY = "libc++";
				CLANG_ENABLE_MODULES = YES;
				CLANG_ENABLE_OBJC_ARC = YES;
				CLANG_ENABLE_OBJC_WEAK = YES;
				CLANG_WARN_BLOCK_CAPTURE_AUTORELEASING = YES;
				CLANG_WARN_BOOL_CONVERSION = YES;
				CLANG_WARN_COMMA = YES;
				CLANG_WARN_CONSTANT_CONVERSION = YES;
				CLANG_WARN_DEPRECATED_OBJC_IMPLEMENTATIONS = YES;
				CLANG_WARN_DIRECT_OBJC_ISA_USAGE = YES_ERROR;
				CLANG_WARN_DOCUMENTATION_COMMENTS = YES;
				CLANG_WARN_EMPTY_BODY = YES;
				CLANG_WARN_ENUM_CONVERSION = YES;
				CLANG_WARN_INFINITE_RECURSION = YES;
				CLANG_WARN_INT_CONVERSION = YES;
				CLANG_WARN_NON_LITERAL_NULL_CONVERSION = YES;
				CLANG_WARN_OBJC_IMPLICIT_RETAIN_SELF = YES;
				CLANG_WARN_OBJC_LITERAL_CONVERSION = YES;
				CLANG_WARN_OBJC_ROOT_CLASS = YES_ERROR;
				CLANG_WARN_RANGE_LOOP_ANALYSIS = YES;
				CLANG_WARN_STRICT_PROTOTYPES = YES;
				CLANG_WARN_SUSPICIOUS_MOVE = YES;
				CLANG_WARN_UNGUARDED_AVAILABILITY = YES_AGGRESSIVE;
				CLANG_WARN_UNREACHABLE_CODE = YES;
				CLANG_WARN__DUPLICATE_METHOD_MATCH = YES;
				CODE_SIGN_IDENTITY = "iPhone Developer";
				COPY_PHASE_STRIP = NO;
				DEBUG_INFORMATION_FORMAT = dwarf;
				ENABLE_STRICT_OBJC_MSGSEND = YES;
				ENABLE_TESTABILITY = YES;
				GCC_C_LANGUAGE_STANDARD = gnu11;
				GCC_DYNAMIC_NO_PIC = NO;
				GCC_NO_COMMON_BLOCKS = YES;
				GCC_OPTIMIZATION_LEVEL = 0;
				GCC_PREPROCESSOR_DEFINITIONS = (
					"DEBUG=1",
					"$(inherited)",
				);
				GCC_WARN_64_TO_32_BIT_CONVERSION = YES;
				GCC_WARN_ABOUT_RETURN_TYPE = YES_ERROR;
				GCC_WARN_UNDECLARED_SELECTOR = YES;
				GCC_WARN_UNINITIALIZED_AUTOS = YES_AGGRESSIVE;
				GCC_WARN_UNUSED_FUNCTION = YES;
				GCC_WARN_UNUSED_VARIABLE = YES;
				IPHONEOS_DEPLOYMENT_TARGET = 11.4;
				MTL_ENABLE_DEBUG_INFO = YES;
				ONLY_ACTIVE_ARCH = YES;
				SDKROOT = iphoneos;
				SWIFT_ACTIVE_COMPILATION_CONDITIONS = DEBUG;
				SWIFT_OPTIMIZATION_LEVEL = "-Onone";
			};
			name = Debug;
		};
		81421B6920D340720038A0EB /* Release */ = {
			isa = XCBuildConfiguration;
			buildSettings = {
				ALWAYS_SEARCH_USER_PATHS = NO;
				CLANG_ANALYZER_NONNULL = YES;
				CLANG_ANALYZER_NUMBER_OBJECT_CONVERSION = YES_AGGRESSIVE;
				CLANG_CXX_LANGUAGE_STANDARD = "gnu++14";
				CLANG_CXX_LIBRARY = "libc++";
				CLANG_ENABLE_MODULES = YES;
				CLANG_ENABLE_OBJC_ARC = YES;
				CLANG_ENABLE_OBJC_WEAK = YES;
				CLANG_WARN_BLOCK_CAPTURE_AUTORELEASING = YES;
				CLANG_WARN_BOOL_CONVERSION = YES;
				CLANG_WARN_COMMA = YES;
				CLANG_WARN_CONSTANT_CONVERSION = YES;
				CLANG_WARN_DEPRECATED_OBJC_IMPLEMENTATIONS = YES;
				CLANG_WARN_DIRECT_OBJC_ISA_USAGE = YES_ERROR;
				CLANG_WARN_DOCUMENTATION_COMMENTS = YES;
				CLANG_WARN_EMPTY_BODY = YES;
				CLANG_WARN_ENUM_CONVERSION = YES;
				CLANG_WARN_INFINITE_RECURSION = YES;
				CLANG_WARN_INT_CONVERSION = YES;
				CLANG_WARN_NON_LITERAL_NULL_CONVERSION = YES;
				CLANG_WARN_OBJC_IMPLICIT_RETAIN_SELF = YES;
				CLANG_WARN_OBJC_LITERAL_CONVERSION = YES;
				CLANG_WARN_OBJC_ROOT_CLASS = YES_ERROR;
				CLANG_WARN_RANGE_LOOP_ANALYSIS = YES;
				CLANG_WARN_STRICT_PROTOTYPES = YES;
				CLANG_WARN_SUSPICIOUS_MOVE = YES;
				CLANG_WARN_UNGUARDED_AVAILABILITY = YES_AGGRESSIVE;
				CLANG_WARN_UNREACHABLE_CODE = YES;
				CLANG_WARN__DUPLICATE_METHOD_MATCH = YES;
				CODE_SIGN_IDENTITY = "iPhone Developer";
				COPY_PHASE_STRIP = NO;
				DEBUG_INFORMATION_FORMAT = "dwarf-with-dsym";
				ENABLE_NS_ASSERTIONS = NO;
				ENABLE_STRICT_OBJC_MSGSEND = YES;
				GCC_C_LANGUAGE_STANDARD = gnu11;
				GCC_NO_COMMON_BLOCKS = YES;
				GCC_WARN_64_TO_32_BIT_CONVERSION = YES;
				GCC_WARN_ABOUT_RETURN_TYPE = YES_ERROR;
				GCC_WARN_UNDECLARED_SELECTOR = YES;
				GCC_WARN_UNINITIALIZED_AUTOS = YES_AGGRESSIVE;
				GCC_WARN_UNUSED_FUNCTION = YES;
				GCC_WARN_UNUSED_VARIABLE = YES;
				IPHONEOS_DEPLOYMENT_TARGET = 11.4;
				MTL_ENABLE_DEBUG_INFO = NO;
				SDKROOT = iphoneos;
				SWIFT_COMPILATION_MODE = wholemodule;
				SWIFT_OPTIMIZATION_LEVEL = "-O";
				VALIDATE_PRODUCT = YES;
			};
			name = Release;
		};
		81421B6B20D340720038A0EB /* Debug */ = {
			isa = XCBuildConfiguration;
			baseConfigurationReference = 8B8062B9765EBD1F3CC29F89 /* Pods-MoneyNote.debug.xcconfig */;
			buildSettings = {
				ASSETCATALOG_COMPILER_APPICON_NAME = AppIcon;
				CLANG_ENABLE_MODULES = YES;
				CODE_SIGN_STYLE = Automatic;
				INFOPLIST_FILE = MoneyNote/Info.plist;
				LD_RUNPATH_SEARCH_PATHS = (
					"$(inherited)",
					"@executable_path/Frameworks",
				);
				PRODUCT_BUNDLE_IDENTIFIER = com.GHP.MoneyNote;
				PRODUCT_NAME = "$(TARGET_NAME)";
				SWIFT_OBJC_BRIDGING_HEADER = "fmdb/MoneyNote-Bridging-Header.h";
				SWIFT_OPTIMIZATION_LEVEL = "-Onone";
				SWIFT_VERSION = 4.0;
				TARGETED_DEVICE_FAMILY = "1,2";
			};
			name = Debug;
		};
		81421B6C20D340720038A0EB /* Release */ = {
			isa = XCBuildConfiguration;
			baseConfigurationReference = 4E328B8973D10E8E18783C21 /* Pods-MoneyNote.release.xcconfig */;
			buildSettings = {
				ASSETCATALOG_COMPILER_APPICON_NAME = AppIcon;
				CLANG_ENABLE_MODULES = YES;
				CODE_SIGN_STYLE = Automatic;
				INFOPLIST_FILE = MoneyNote/Info.plist;
				LD_RUNPATH_SEARCH_PATHS = (
					"$(inherited)",
					"@executable_path/Frameworks",
				);
				PRODUCT_BUNDLE_IDENTIFIER = com.GHP.MoneyNote;
				PRODUCT_NAME = "$(TARGET_NAME)";
				SWIFT_OBJC_BRIDGING_HEADER = "fmdb/MoneyNote-Bridging-Header.h";
				SWIFT_VERSION = 4.0;
				TARGETED_DEVICE_FAMILY = "1,2";
			};
			name = Release;
		};
/* End XCBuildConfiguration section */

/* Begin XCConfigurationList section */
		81421B5320D3406E0038A0EB /* Build configuration list for PBXProject "MoneyNote" */ = {
			isa = XCConfigurationList;
			buildConfigurations = (
				81421B6820D340720038A0EB /* Debug */,
				81421B6920D340720038A0EB /* Release */,
			);
			defaultConfigurationIsVisible = 0;
			defaultConfigurationName = Release;
		};
		81421B6A20D340720038A0EB /* Build configuration list for PBXNativeTarget "MoneyNote" */ = {
			isa = XCConfigurationList;
			buildConfigurations = (
				81421B6B20D340720038A0EB /* Debug */,
				81421B6C20D340720038A0EB /* Release */,
			);
			defaultConfigurationIsVisible = 0;
			defaultConfigurationName = Release;
		};
/* End XCConfigurationList section */
	};
	rootObject = 81421B5020D3406E0038A0EB /* Project object */;
}
